<?xml version="1.0" encoding="utf-8"?>
<Project ToolsVersion="4.0" xmlns="http://schemas.microsoft.com/developer/msbuild/2003">
  <ItemGroup>
    <Filter Include="Game">
      <UniqueIdentifier>{d2d0fd71-4d67-48c2-b343-6fdb5782e40f}</UniqueIdentifier>
    </Filter>
    <Filter Include="Main">
      <UniqueIdentifier>{7efaf247-0110-432a-9d3a-fb863c368ac6}</UniqueIdentifier>
    </Filter>
    <Filter Include="Shaders">
      <UniqueIdentifier>{ec1fc7a4-e083-4ffe-aa6f-9f1c2c16b5c4}</UniqueIdentifier>
    </Filter>
    <Filter Include="Main\Camera">
      <UniqueIdentifier>{1deb1aa3-6cd4-43fd-bce4-748007ced23d}</UniqueIdentifier>
    </Filter>
    <Filter Include="Shaders\Common">
      <UniqueIdentifier>{96a29001-047d-4c29-9430-d6ca969edff4}</UniqueIdentifier>
    </Filter>
    <Filter Include="Game\Week3">
      <UniqueIdentifier>{66bfbbee-65e7-4b15-8d23-2499373bda8a}</UniqueIdentifier>
    </Filter>
    <Filter Include="Shaders\Week3">
      <UniqueIdentifier>{65eb1f50-7710-4da9-947d-5b91d873912a}</UniqueIdentifier>
    </Filter>
    <Filter Include="Shaders\Week4">
      <UniqueIdentifier>{92e3061e-1718-43cd-8c3d-3a8645381f5a}</UniqueIdentifier>
    </Filter>
    <Filter Include="Shaders\Week5">
      <UniqueIdentifier>{c04f508e-dec0-40bd-966f-45e13a0b2c2a}</UniqueIdentifier>
    </Filter>
    <Filter Include="Shaders\MyShader">
      <UniqueIdentifier>{61098872-9bbc-4651-90fe-522bacaa1001}</UniqueIdentifier>
    </Filter>
  </ItemGroup>
  <ItemGroup>
    <ClCompile Include="pch.cpp">
      <Filter>Main</Filter>
    </ClCompile>
    <ClCompile Include="Main.cpp">
      <Filter>Main</Filter>
    </ClCompile>
    <ClCompile Include="CameraMove.cpp">
      <Filter>Main\Camera</Filter>
    </ClCompile>
    <ClCompile Include="20. SceneDemo.cpp">
      <Filter>Game\Week3</Filter>
    </ClCompile>
    <ClCompile Include="21. RawBufferDemo.cpp">
      <Filter>Game\Week3</Filter>
    </ClCompile>
    <ClCompile Include="22. TextureBufferDemo.cpp">
      <Filter>Game\Week3</Filter>
    </ClCompile>
    <ClCompile Include="23. StructuredBufferDemo.cpp">
      <Filter>Game\Week3</Filter>
    </ClCompile>
    <ClCompile Include="24. ViewportDemo.cpp">
      <Filter>Game\Week3</Filter>
    </ClCompile>
    <ClCompile Include="25. CollisionDemo.cpp">
      <Filter>Game\Week3</Filter>
    </ClCompile>
    <ClCompile Include="26. OrthographicDemo.cpp">
      <Filter>Game\Week3</Filter>
    </ClCompile>
    <ClCompile Include="27. BillboardDemo.cpp">
      <Filter>Game\Week3</Filter>
    </ClCompile>
    <ClCompile Include="MyBillboard.cpp">
      <Filter>Main</Filter>
    </ClCompile>
    <ClCompile Include="28. ParticleDemo.cpp">
      <Filter>Game\Week3</Filter>
    </ClCompile>
  </ItemGroup>
  <ItemGroup>
    <ClInclude Include="pch.h">
      <Filter>Main</Filter>
    </ClInclude>
    <ClInclude Include="Main.h">
      <Filter>Main</Filter>
    </ClInclude>
    <ClInclude Include="CameraMove.h">
      <Filter>Main\Camera</Filter>
    </ClInclude>
    <ClInclude Include="20. SceneDemo.h">
      <Filter>Game\Week3</Filter>
    </ClInclude>
    <ClInclude Include="21. RawBufferDemo.h">
      <Filter>Game\Week3</Filter>
    </ClInclude>
    <ClInclude Include="22. TextureBufferDemo.h">
      <Filter>Game\Week3</Filter>
    </ClInclude>
    <ClInclude Include="23. StructuredBufferDemo.h">
      <Filter>Game\Week3</Filter>
    </ClInclude>
    <ClInclude Include="24. ViewportDemo.h">
      <Filter>Game\Week3</Filter>
    </ClInclude>
    <ClInclude Include="25. CollisionDemo.h">
      <Filter>Game\Week3</Filter>
    </ClInclude>
    <ClInclude Include="26. OrthographicDemo.h">
      <Filter>Game\Week3</Filter>
    </ClInclude>
    <ClInclude Include="27. BillboardDemo.h">
      <Filter>Game\Week3</Filter>
    </ClInclude>
    <ClInclude Include="MyBillboard.h">
      <Filter>Main</Filter>
    </ClInclude>
    <ClInclude Include="28. ParticleDemo.h">
      <Filter>Game\Week3</Filter>
    </ClInclude>
  </ItemGroup>
  <ItemGroup>
    <FxCompile Include="..\Shaders\00. Global.fx">
      <Filter>Shaders\Common</Filter>
    </FxCompile>
    <FxCompile Include="..\Shaders\00. Light.fx">
      <Filter>Shaders\Common</Filter>
    </FxCompile>
    <FxCompile Include="..\Shaders\14. ModelDemo.fx">
      <Filter>Shaders\Week3</Filter>
    </FxCompile>
    <FxCompile Include="..\Shaders\15. AnimationDemo.fx">
      <Filter>Shaders\Week3</Filter>
    </FxCompile>
    <FxCompile Include="..\Shaders\16. TweenDemo.fx">
      <Filter>Shaders\Week3</Filter>
    </FxCompile>
    <FxCompile Include="..\Shaders\17. SkyBoxDemo.fx">
      <Filter>Shaders\Week3</Filter>
    </FxCompile>
    <FxCompile Include="..\Shaders\18. InstancingDemo.fx">
      <Filter>Shaders\Week3</Filter>
    </FxCompile>
    <FxCompile Include="..\Shaders\19. RenderDemo.fx">
      <Filter>Shaders\Week3</Filter>
    </FxCompile>
    <FxCompile Include="..\Shaders\00. Render.fx">
      <Filter>Shaders\Common</Filter>
    </FxCompile>
    <FxCompile Include="..\Shaders\20. RawBufferDemo.fx">
      <Filter>Shaders\Week4</Filter>
    </FxCompile>
    <FxCompile Include="..\Shaders\21. TextureBufferDemo.fx">
      <Filter>Shaders\Week4</Filter>
    </FxCompile>
    <FxCompile Include="..\Shaders\22. StructuredBufferDemo.fx">
      <Filter>Shaders\Week4</Filter>
    </FxCompile>
    <FxCompile Include="..\Shaders\23. BillboardDemo.fx">
      <Filter>Shaders\Week5</Filter>
    </FxCompile>
    <FxCompile Include="..\Shaders\24. SnowDemo.fx">
      <Filter>Shaders\Week5</Filter>
    </FxCompile>
    <FxCompile Include="..\Shaders\ParticleSystem.fx">
      <Filter>Shaders\MyShader</Filter>
    </FxCompile>
    <FxCompile Include="..\Shaders\Sky.fx">
      <Filter>Shaders\MyShader</Filter>
    </FxCompile>
    <FxCompile Include="..\Shaders\DebugTexture.fx">
      <Filter>Shaders\MyShader</Filter>
    </FxCompile>
    <FxCompile Include="..\Shaders\Ssao.fx">
      <Filter>Shaders\MyShader</Filter>
    </FxCompile>
    <FxCompile Include="..\Shaders\Blur.fx">
      <Filter>Shaders\MyShader</Filter>
    </FxCompile>
  </ItemGroup>
</Project>