<?xml version="1.0" encoding="utf-8"?>
<Project ToolsVersion="4.0" xmlns="http://schemas.microsoft.com/developer/msbuild/2003">
  <ItemGroup>
    <Filter Include="Game">
      <UniqueIdentifier>{d2d0fd71-4d67-48c2-b343-6fdb5782e40f}</UniqueIdentifier>
    </Filter>
    <Filter Include="Main">
      <UniqueIdentifier>{7efaf247-0110-432a-9d3a-fb863c368ac6}</UniqueIdentifier>
    </Filter>
    <Filter Include="Shaders">
      <UniqueIdentifier>{ec1fc7a4-e083-4ffe-aa6f-9f1c2c16b5c4}</UniqueIdentifier>
    </Filter>
    <Filter Include="Main\Camera">
      <UniqueIdentifier>{1deb1aa3-6cd4-43fd-bce4-748007ced23d}</UniqueIdentifier>
    </Filter>
    <Filter Include="Shaders\Common">
      <UniqueIdentifier>{96a29001-047d-4c29-9430-d6ca969edff4}</UniqueIdentifier>
    </Filter>
    <Filter Include="Game\Week3">
      <UniqueIdentifier>{66bfbbee-65e7-4b15-8d23-2499373bda8a}</UniqueIdentifier>
    </Filter>
    <Filter Include="Shaders\Week5">
      <UniqueIdentifier>{c04f508e-dec0-40bd-966f-45e13a0b2c2a}</UniqueIdentifier>
    </Filter>
    <Filter Include="Shaders\MyShader">
      <UniqueIdentifier>{61098872-9bbc-4651-90fe-522bacaa1001}</UniqueIdentifier>
    </Filter>
    <Filter Include="Main\Player">
      <UniqueIdentifier>{627e0810-c9bc-4813-bb6d-9b929ecae9e6}</UniqueIdentifier>
    </Filter>
    <Filter Include="Protocol">
      <UniqueIdentifier>{230f8a73-dfee-4180-a117-7f225467750c}</UniqueIdentifier>
    </Filter>
    <Filter Include="Main\Server">
      <UniqueIdentifier>{7959a395-ed0a-4faf-9668-18abaaced941}</UniqueIdentifier>
    </Filter>
  </ItemGroup>
  <ItemGroup>
    <ClCompile Include="pch.cpp">
      <Filter>Main</Filter>
    </ClCompile>
    <ClCompile Include="Main.cpp">
      <Filter>Main</Filter>
    </ClCompile>
    <ClCompile Include="CameraMove.cpp">
      <Filter>Main\Camera</Filter>
    </ClCompile>
    <ClCompile Include="27. BillboardDemo.cpp">
      <Filter>Game\Week3</Filter>
    </ClCompile>
    <ClCompile Include="MyBillboard.cpp">
      <Filter>Main</Filter>
    </ClCompile>
    <ClCompile Include="29. SceneSerializeDemo.cpp">
      <Filter>Game\Week3</Filter>
    </ClCompile>
    <ClCompile Include="30. AssetSerializeDemo.cpp">
      <Filter>Game\Week3</Filter>
    </ClCompile>
    <ClCompile Include="CerealRegister.cpp">
      <Filter>Main</Filter>
    </ClCompile>
    <ClCompile Include="31. SceneDemo.cpp">
      <Filter>Game\Week3</Filter>
    </ClCompile>
    <ClCompile Include="ThirdPersonCamMove.cpp">
      <Filter>Main\Camera</Filter>
    </ClCompile>
    <ClCompile Include="PlayerAnimEventHandler.cpp">
      <Filter>Main\Player</Filter>
    </ClCompile>
    <ClCompile Include="Protocol.pb.cc">
      <Filter>Protocol</Filter>
    </ClCompile>
    <ClCompile Include="Struct.pb.cc">
      <Filter>Protocol</Filter>
    </ClCompile>
    <ClCompile Include="Enum.pb.cc">
      <Filter>Protocol</Filter>
    </ClCompile>
    <ClCompile Include="ServerConnect.cpp">
      <Filter>Main\Server</Filter>
    </ClCompile>
    <ClCompile Include="ServerSession.cpp">
      <Filter>Main\Server</Filter>
    </ClCompile>
    <ClCompile Include="EditorCamController.cpp">
      <Filter>Main\Camera</Filter>
    </ClCompile>
    <ClCompile Include="ServerPacketHandler.cpp">
      <Filter>Main\Server</Filter>
    </ClCompile>
    <ClCompile Include="GameManager.cpp">
      <Filter>Main</Filter>
    </ClCompile>
    <ClCompile Include="Player.cpp" />
  </ItemGroup>
  <ItemGroup>
    <ClInclude Include="pch.h">
      <Filter>Main</Filter>
    </ClInclude>
    <ClInclude Include="Main.h">
      <Filter>Main</Filter>
    </ClInclude>
    <ClInclude Include="CameraMove.h">
      <Filter>Main\Camera</Filter>
    </ClInclude>
    <ClInclude Include="27. BillboardDemo.h">
      <Filter>Game\Week3</Filter>
    </ClInclude>
    <ClInclude Include="MyBillboard.h">
      <Filter>Main</Filter>
    </ClInclude>
    <ClInclude Include="29. SceneSerializeDemo.h">
      <Filter>Game\Week3</Filter>
    </ClInclude>
    <ClInclude Include="30. AssetSerializeDemo.h">
      <Filter>Game\Week3</Filter>
    </ClInclude>
    <ClInclude Include="CerealRegister.h">
      <Filter>Main</Filter>
    </ClInclude>
    <ClInclude Include="31. SceneDemo.h">
      <Filter>Game\Week3</Filter>
    </ClInclude>
    <ClInclude Include="ThirdPersonCamMove.h">
      <Filter>Main\Camera</Filter>
    </ClInclude>
    <ClInclude Include="PlayerAnimEventHandler.h">
      <Filter>Main\Player</Filter>
    </ClInclude>
    <ClInclude Include="Enum.pb.h">
      <Filter>Protocol</Filter>
    </ClInclude>
    <ClInclude Include="Protocol.pb.h">
      <Filter>Protocol</Filter>
    </ClInclude>
    <ClInclude Include="Struct.pb.h">
      <Filter>Protocol</Filter>
    </ClInclude>
    <ClInclude Include="ServerConnect.h">
      <Filter>Main\Server</Filter>
    </ClInclude>
    <ClInclude Include="ServerSession.h">
      <Filter>Main\Server</Filter>
    </ClInclude>
    <ClInclude Include="EditorCamController.h">
      <Filter>Main\Camera</Filter>
    </ClInclude>
    <ClInclude Include="ServerPacketHandler.h">
      <Filter>Main\Server</Filter>
    </ClInclude>
    <ClInclude Include="GameManager.h">
      <Filter>Main</Filter>
    </ClInclude>
    <ClInclude Include="Player.h" />
  </ItemGroup>
  <ItemGroup>
    <FxCompile Include="..\Assets\Shaders\00. Render.fx">
      <Filter>Shaders\Common</Filter>
    </FxCompile>
    <FxCompile Include="..\Assets\Shaders\00. Global.fx">
      <Filter>Shaders\Common</Filter>
    </FxCompile>
    <FxCompile Include="..\Assets\Shaders\00. GrassCommon.fx">
      <Filter>Shaders\Common</Filter>
    </FxCompile>
    <FxCompile Include="..\Assets\Shaders\00. Light.fx">
      <Filter>Shaders\Common</Filter>
    </FxCompile>
    <FxCompile Include="..\Assets\Shaders\23. BillboardDemo.fx">
      <Filter>Shaders\Week5</Filter>
    </FxCompile>
    <FxCompile Include="..\Assets\Shaders\24. SnowDemo.fx">
      <Filter>Shaders\Week5</Filter>
    </FxCompile>
    <FxCompile Include="..\Assets\Shaders\ToneMapping.fx">
      <Filter>Shaders\MyShader</Filter>
    </FxCompile>
    <FxCompile Include="..\Assets\Shaders\Bloom.fx">
      <Filter>Shaders\MyShader</Filter>
    </FxCompile>
    <FxCompile Include="..\Assets\Shaders\Blur.fx">
      <Filter>Shaders\MyShader</Filter>
    </FxCompile>
    <FxCompile Include="..\Assets\Shaders\BlurCombine.fx">
      <Filter>Shaders\MyShader</Filter>
    </FxCompile>
    <FxCompile Include="..\Assets\Shaders\DebugTexture.fx">
      <Filter>Shaders\MyShader</Filter>
    </FxCompile>
    <FxCompile Include="..\Assets\Shaders\DownSample.fx">
      <Filter>Shaders\MyShader</Filter>
    </FxCompile>
    <FxCompile Include="..\Assets\Shaders\Distortion.fx">
      <Filter>Shaders\MyShader</Filter>
    </FxCompile>
    <FxCompile Include="..\Assets\Shaders\Foliage.fx">
      <Filter>Shaders\MyShader</Filter>
    </FxCompile>
    <FxCompile Include="..\Assets\Shaders\GrassCompute.fx">
      <Filter>Shaders\MyShader</Filter>
    </FxCompile>
    <FxCompile Include="..\Assets\Shaders\GrassRender.fx">
      <Filter>Shaders\MyShader</Filter>
    </FxCompile>
    <FxCompile Include="..\Assets\Shaders\ParticleSystem.fx">
      <Filter>Shaders\MyShader</Filter>
    </FxCompile>
    <FxCompile Include="..\Assets\Shaders\Sky.fx">
      <Filter>Shaders\MyShader</Filter>
    </FxCompile>
    <FxCompile Include="..\Assets\Shaders\ShockwaveDistortion.fx">
      <Filter>Shaders\MyShader</Filter>
    </FxCompile>
    <FxCompile Include="..\Assets\Shaders\Ssao.fx">
      <Filter>Shaders\MyShader</Filter>
    </FxCompile>
    <FxCompile Include="..\Assets\Shaders\Terrain.fx">
      <Filter>Shaders\MyShader</Filter>
    </FxCompile>
    <FxCompile Include="..\Assets\Shaders\DebugShader.fx">
      <Filter>Shaders\MyShader</Filter>
    </FxCompile>
    <FxCompile Include="..\Assets\Shaders\DebugWireFrameShader.fx">
      <Filter>Shaders\MyShader</Filter>
    </FxCompile>
    <FxCompile Include="..\Assets\Shaders\Line.fx">
      <Filter>Shaders\MyShader</Filter>
    </FxCompile>
    <FxCompile Include="..\Assets\Shaders\WaterSSR.fx">
      <Filter>Shaders\MyShader</Filter>
    </FxCompile>
    <FxCompile Include="..\Assets\Shaders\Font.fx">
      <Filter>Shaders\MyShader</Filter>
    </FxCompile>
    <FxCompile Include="..\Assets\Shaders\UIDefault.fx">
      <Filter>Shaders\MyShader</Filter>
    </FxCompile>
    <FxCompile Include="..\Assets\Shaders\19. RenderDemo.fx">
      <Filter>Shaders\MyShader</Filter>
    </FxCompile>
    <FxCompile Include="..\Assets\Shaders\Trail.fx">
      <Filter>Shaders\MyShader</Filter>
    </FxCompile>
  </ItemGroup>
</Project>