<?xml version="1.0" encoding="utf-8"?>
<Project ToolsVersion="4.0" xmlns="http://schemas.microsoft.com/developer/msbuild/2003">
  <ItemGroup>
    <Filter Include="소스 파일">
      <UniqueIdentifier>{4FC737F1-C7A5-4376-A066-2A32D752A2FF}</UniqueIdentifier>
      <Extensions>cpp;c;cc;cxx;c++;cppm;ixx;def;odl;idl;hpj;bat;asm;asmx</Extensions>
    </Filter>
    <Filter Include="리소스 파일">
      <UniqueIdentifier>{67DA6AB6-F800-4c08-8B7A-83BB121AAD01}</UniqueIdentifier>
      <Extensions>rc;ico;cur;bmp;dlg;rc2;rct;bin;rgs;gif;jpg;jpeg;jpe;resx;tiff;tif;png;wav;mfcribbon-ms</Extensions>
    </Filter>
    <Filter Include="소스 파일\Builder">
      <UniqueIdentifier>{9ba8509f-b141-47ea-99e5-ae757c762035}</UniqueIdentifier>
    </Filter>
  </ItemGroup>
  <ItemGroup>
    <ClInclude Include="Math.h">
      <Filter>소스 파일</Filter>
    </ClInclude>
    <ClInclude Include="framework.h">
      <Filter>소스 파일</Filter>
    </ClInclude>
    <ClInclude Include="pch.h">
      <Filter>소스 파일</Filter>
    </ClInclude>
    <ClInclude Include="Types.h">
      <Filter>소스 파일</Filter>
    </ClInclude>
    <ClInclude Include="CompactHeightField.h">
      <Filter>소스 파일\Builder</Filter>
    </ClInclude>
    <ClInclude Include="HeightField.h">
      <Filter>소스 파일\Builder</Filter>
    </ClInclude>
    <ClInclude Include="HeightFieldBase.h">
      <Filter>소스 파일\Builder</Filter>
    </ClInclude>
    <ClInclude Include="NavMeshBuilder.h">
      <Filter>소스 파일\Builder</Filter>
    </ClInclude>
    <ClInclude Include="Contours.h">
      <Filter>소스 파일\Builder</Filter>
    </ClInclude>
    <ClInclude Include="PolyMeshField.h">
      <Filter>소스 파일\Builder</Filter>
    </ClInclude>
  </ItemGroup>
  <ItemGroup>
    <ClCompile Include="pch.cpp">
      <Filter>소스 파일</Filter>
    </ClCompile>
    <ClCompile Include="Math.cpp">
      <Filter>소스 파일</Filter>
    </ClCompile>
    <ClCompile Include="Types.cpp">
      <Filter>소스 파일</Filter>
    </ClCompile>
    <ClCompile Include="CompactHeightField.cpp">
      <Filter>소스 파일\Builder</Filter>
    </ClCompile>
    <ClCompile Include="HeightField.cpp">
      <Filter>소스 파일\Builder</Filter>
    </ClCompile>
    <ClCompile Include="HeightFieldBase.cpp">
      <Filter>소스 파일\Builder</Filter>
    </ClCompile>
    <ClCompile Include="NavMeshBuilder.cpp">
      <Filter>소스 파일\Builder</Filter>
    </ClCompile>
    <ClCompile Include="Contours.cpp">
      <Filter>소스 파일\Builder</Filter>
    </ClCompile>
    <ClCompile Include="PolyMeshField.cpp">
      <Filter>소스 파일\Builder</Filter>
    </ClCompile>
  </ItemGroup>
</Project>